
Microsoft Visual Studio Solution File, Format Version 12.00
# Visual Studio Version 17
VisualStudioVersion = 17.2.32505.173
MinimumVisualStudioVersion = 10.0.40219.1
Project("{FAE04EC0-301F-11D3-BF4B-00C04F79EFBC}") = "ProjectT1.CoreClient", "ProjectT1.CoreClient\ProjectT1.CoreClient.csproj", "{F8900944-7CF1-4547-9924-41864F16B784}"
EndProject
Global
	GlobalSection(SolutionConfigurationPlatforms) = preSolution
		Debug|Any CPU = Debug|Any CPU
		Debug|x86 = Debug|x86
		JsonBus|Any CPU = JsonBus|Any CPU
		JsonBus|x86 = JsonBus|x86
		Offline|Any CPU = Offline|Any CPU
		Offline|x86 = Offline|x86
		Online|Any CPU = Online|Any CPU
		Online|x86 = Online|x86
		Release|Any CPU = Release|Any CPU
		Release|x86 = Release|x86
		ServerBus|Any CPU = ServerBus|Any CPU
		ServerBus|x86 = ServerBus|x86
	EndGlobalSection
	GlobalSection(ProjectConfigurationPlatforms) = postSolution
		{F8900944-7CF1-4547-9924-41864F16B784}.Debug|Any CPU.ActiveCfg = Debug|Any CPU
		{F8900944-7CF1-4547-9924-41864F16B784}.Debug|Any CPU.Build.0 = Debug|Any CPU
		{F8900944-7CF1-4547-9924-41864F16B784}.Debug|x86.ActiveCfg = Debug|Any CPU
		{F8900944-7CF1-4547-9924-41864F16B784}.Debug|x86.Build.0 = Debug|Any CPU
		{F8900944-7CF1-4547-9924-41864F16B784}.JsonBus|Any CPU.ActiveCfg = Debug|Any CPU
		{F8900944-7CF1-4547-9924-41864F16B784}.JsonBus|Any CPU.Build.0 = Debug|Any CPU
		{F8900944-7CF1-4547-9924-41864F16B784}.JsonBus|x86.ActiveCfg = Debug|Any CPU
		{F8900944-7CF1-4547-9924-41864F16B784}.JsonBus|x86.Build.0 = Debug|Any CPU
		{F8900944-7CF1-4547-9924-41864F16B784}.Offline|Any CPU.ActiveCfg = Debug|Any CPU
		{F8900944-7CF1-4547-9924-41864F16B784}.Offline|Any CPU.Build.0 = Debug|Any CPU
		{F8900944-7CF1-4547-9924-41864F16B784}.Offline|x86.ActiveCfg = Debug|Any CPU
		{F8900944-7CF1-4547-9924-41864F16B784}.Offline|x86.Build.0 = Debug|Any CPU
		{F8900944-7CF1-4547-9924-41864F16B784}.Online|Any CPU.ActiveCfg = Debug|Any CPU
		{F8900944-7CF1-4547-9924-41864F16B784}.Online|Any CPU.Build.0 = Debug|Any CPU
		{F8900944-7CF1-4547-9924-41864F16B784}.Online|x86.ActiveCfg = Debug|Any CPU
		{F8900944-7CF1-4547-9924-41864F16B784}.Online|x86.Build.0 = Debug|Any CPU
		{F8900944-7CF1-4547-9924-41864F16B784}.Release|Any CPU.ActiveCfg = Release|Any CPU
		{F8900944-7CF1-4547-9924-41864F16B784}.Release|Any CPU.Build.0 = Release|Any CPU
		{F8900944-7CF1-4547-9924-41864F16B784}.Release|x86.ActiveCfg = Release|Any CPU
		{F8900944-7CF1-4547-9924-41864F16B784}.Release|x86.Build.0 = Release|Any CPU
		{F8900944-7CF1-4547-9924-41864F16B784}.ServerBus|Any CPU.ActiveCfg = Debug|Any CPU
		{F8900944-7CF1-4547-9924-41864F16B784}.ServerBus|Any CPU.Build.0 = Debug|Any CPU
		{F8900944-7CF1-4547-9924-41864F16B784}.ServerBus|x86.ActiveCfg = Debug|Any CPU
		{F8900944-7CF1-4547-9924-41864F16B784}.ServerBus|x86.Build.0 = Debug|Any CPU
	EndGlobalSection
	GlobalSection(SolutionProperties) = preSolution
		HideSolutionNode = FALSE
	EndGlobalSection
	GlobalSection(ExtensibilityGlobals) = postSolution
		SolutionGuid = {5C2E08C9-402E-4543-88DC-B90B00FFEAC4}
	EndGlobalSection
EndGlobal
